
Microsoft Visual Studio Solution File, Format Version 12.00
# Visual Studio Version 17
VisualStudioVersion = 17.14.37314.3 d17.14
MinimumVisualStudioVersion = 10.0.40219.1
Project("{FAE04EC0-301F-11D3-BF4B-00C04F79EFBC}") = "Tehtävä 6 - Ruudukko", "Tehtävä 6 - Ruudukko.csproj", "{A86C64B7-C55B-4BB2-B12E-CEAB7F4EF2F9}"
EndProject
Global
	GlobalSection(SolutionConfigurationPlatforms) = preSolution
		Debug|Any CPU = Debug|Any CPU
		Release|Any CPU = Release|Any CPU
	EndGlobalSection
	GlobalSection(ProjectConfigurationPlatforms) = postSolution
		{A86C64B7-C55B-4BB2-B12E-CEAB7F4EF2F9}.Debug|Any CPU.ActiveCfg = Debug|Any CPU
		{A86C64B7-C55B-4BB2-B12E-CEAB7F4EF2F9}.Debug|Any CPU.Build.0 = Debug|Any CPU
		{A86C64B7-C55B-4BB2-B12E-CEAB7F4EF2F9}.Release|Any CPU.ActiveCfg = Release|Any CPU
		{A86C64B7-C55B-4BB2-B12E-CEAB7F4EF2F9}.Release|Any CPU.Build.0 = Release|Any CPU
	EndGlobalSection
	GlobalSection(SolutionProperties) = preSolution
		HideSolutionNode = FALSE
	EndGlobalSection
	GlobalSection(ExtensibilityGlobals) = postSolution
		SolutionGuid = {48BDF92E-C1EC-46A6-9AD8-8E091F07A257}
	EndGlobalSection
EndGlobal
