
Microsoft Visual Studio Solution File, Format Version 12.00
# Visual Studio Version 17
VisualStudioVersion = 17.14.37314.3 d17.14
MinimumVisualStudioVersion = 10.0.40219.1
Project("{FAE04EC0-301F-11D3-BF4B-00C04F79EFBC}") = "Tehtävä 5 - Robotti", "Tehtävä 5 - Robotti.csproj", "{137A24D9-CE35-43FA-BB63-C01E77C8BB96}"
EndProject
Global
	GlobalSection(SolutionConfigurationPlatforms) = preSolution
		Debug|Any CPU = Debug|Any CPU
		Release|Any CPU = Release|Any CPU
	EndGlobalSection
	GlobalSection(ProjectConfigurationPlatforms) = postSolution
		{137A24D9-CE35-43FA-BB63-C01E77C8BB96}.Debug|Any CPU.ActiveCfg = Debug|Any CPU
		{137A24D9-CE35-43FA-BB63-C01E77C8BB96}.Debug|Any CPU.Build.0 = Debug|Any CPU
		{137A24D9-CE35-43FA-BB63-C01E77C8BB96}.Release|Any CPU.ActiveCfg = Release|Any CPU
		{137A24D9-CE35-43FA-BB63-C01E77C8BB96}.Release|Any CPU.Build.0 = Release|Any CPU
	EndGlobalSection
	GlobalSection(SolutionProperties) = preSolution
		HideSolutionNode = FALSE
	EndGlobalSection
	GlobalSection(ExtensibilityGlobals) = postSolution
		SolutionGuid = {DF7070F5-5BBD-4F22-AC23-9F8CC0FF1CD9}
	EndGlobalSection
EndGlobal
